
Microsoft Visual Studio Solution File, Format Version 12.00
# Visual Studio Version 17
VisualStudioVersion = 17.2.32630.192
MinimumVisualStudioVersion = 10.0.40219.1
Project("{FAE04EC0-301F-11D3-BF4B-00C04F79EFBC}") = "RESTSharpTest", "RESTSharpTest\RESTSharpTest.csproj", "{7735842F-E126-46D1-88FB-DB3E125C86EE}"
EndProject
Global
	GlobalSection(SolutionConfigurationPlatforms) = preSolution
		Debug|Any CPU = Debug|Any CPU
		Release|Any CPU = Release|Any CPU
	EndGlobalSection
	GlobalSection(ProjectConfigurationPlatforms) = postSolution
		{7735842F-E126-46D1-88FB-DB3E125C86EE}.Debug|Any CPU.ActiveCfg = Debug|Any CPU
		{7735842F-E126-46D1-88FB-DB3E125C86EE}.Debug|Any CPU.Build.0 = Debug|Any CPU
		{7735842F-E126-46D1-88FB-DB3E125C86EE}.Release|Any CPU.ActiveCfg = Release|Any CPU
		{7735842F-E126-46D1-88FB-DB3E125C86EE}.Release|Any CPU.Build.0 = Release|Any CPU
	EndGlobalSection
	GlobalSection(SolutionProperties) = preSolution
		HideSolutionNode = FALSE
	EndGlobalSection
	GlobalSection(ExtensibilityGlobals) = postSolution
		SolutionGuid = {D7767C48-8E78-48B8-B715-9DF591B0115E}
	EndGlobalSection
EndGlobal
